
Microsoft Visual Studio Solution File, Format Version 12.00
# Visual Studio Version 17
VisualStudioVersion = 17.1.32210.238
MinimumVisualStudioVersion = 10.0.40219.1
Project("{FAE04EC0-301F-11D3-BF4B-00C04F79EFBC}") = "Week9Day2Demo", "Week9Day2Demo\Week9Day2Demo.csproj", "{1CD8C19B-BA31-493F-B7F3-46F60878FF4F}"
EndProject
Global
	GlobalSection(SolutionConfigurationPlatforms) = preSolution
		Debug|Any CPU = Debug|Any CPU
		Release|Any CPU = Release|Any CPU
	EndGlobalSection
	GlobalSection(ProjectConfigurationPlatforms) = postSolution
		{1CD8C19B-BA31-493F-B7F3-46F60878FF4F}.Debug|Any CPU.ActiveCfg = Debug|Any CPU
		{1CD8C19B-BA31-493F-B7F3-46F60878FF4F}.Debug|Any CPU.Build.0 = Debug|Any CPU
		{1CD8C19B-BA31-493F-B7F3-46F60878FF4F}.Release|Any CPU.ActiveCfg = Release|Any CPU
		{1CD8C19B-BA31-493F-B7F3-46F60878FF4F}.Release|Any CPU.Build.0 = Release|Any CPU
	EndGlobalSection
	GlobalSection(SolutionProperties) = preSolution
		HideSolutionNode = FALSE
	EndGlobalSection
	GlobalSection(ExtensibilityGlobals) = postSolution
		SolutionGuid = {BA6B4CCE-3819-440C-99F7-D173C4AB2A3C}
	EndGlobalSection
EndGlobal
